
Microsoft Visual Studio Solution File, Format Version 12.00
# Visual Studio Version 17
VisualStudioVersion = 17.5.002.0
MinimumVisualStudioVersion = 10.0.40219.1
Project("{9A19103F-16F7-4668-BE54-9A1E7A4F7556}") = "pub", "pub\pub.csproj", "{5B8D5D89-B0C8-440D-B133-645926108D9D}"
EndProject
Project("{9A19103F-16F7-4668-BE54-9A1E7A4F7556}") = "sub", "sub\sub.csproj", "{EC29EDEB-41BE-4E80-875F-2BD96CFE3E92}"
EndProject
Global
	GlobalSection(SolutionConfigurationPlatforms) = preSolution
		Debug|Any CPU = Debug|Any CPU
		Release|Any CPU = Release|Any CPU
	EndGlobalSection
	GlobalSection(ProjectConfigurationPlatforms) = postSolution
		{5B8D5D89-B0C8-440D-B133-645926108D9D}.Debug|Any CPU.ActiveCfg = Debug|Any CPU
		{5B8D5D89-B0C8-440D-B133-645926108D9D}.Debug|Any CPU.Build.0 = Debug|Any CPU
		{5B8D5D89-B0C8-440D-B133-645926108D9D}.Release|Any CPU.ActiveCfg = Release|Any CPU
		{5B8D5D89-B0C8-440D-B133-645926108D9D}.Release|Any CPU.Build.0 = Release|Any CPU
		{EC29EDEB-41BE-4E80-875F-2BD96CFE3E92}.Debug|Any CPU.ActiveCfg = Debug|Any CPU
		{EC29EDEB-41BE-4E80-875F-2BD96CFE3E92}.Debug|Any CPU.Build.0 = Debug|Any CPU
		{EC29EDEB-41BE-4E80-875F-2BD96CFE3E92}.Release|Any CPU.ActiveCfg = Release|Any CPU
		{EC29EDEB-41BE-4E80-875F-2BD96CFE3E92}.Release|Any CPU.Build.0 = Release|Any CPU
	EndGlobalSection
	GlobalSection(SolutionProperties) = preSolution
		HideSolutionNode = FALSE
	EndGlobalSection
	GlobalSection(ExtensibilityGlobals) = postSolution
		SolutionGuid = {2CC2CFFE-B337-4A92-BA60-F7B0D1778EF6}
	EndGlobalSection
EndGlobal
